
Microsoft Visual Studio Solution File, Format Version 12.00
# Visual Studio Version 18
VisualStudioVersion = 18.0.11222.15 d18.0
MinimumVisualStudioVersion = 10.0.40219.1
Project("{FAE04EC0-301F-11D3-BF4B-00C04F79EFBC}") = "HangfireWorkerService", "HangfireWorkerService.csproj", "{B3B8C166-49E3-75CA-E1A9-B20FB58DF011}"
EndProject
Global
	GlobalSection(SolutionConfigurationPlatforms) = preSolution
		Debug|Any CPU = Debug|Any CPU
		Release|Any CPU = Release|Any CPU
	EndGlobalSection
	GlobalSection(ProjectConfigurationPlatforms) = postSolution
		{B3B8C166-49E3-75CA-E1A9-B20FB58DF011}.Debug|Any CPU.ActiveCfg = Debug|Any CPU
		{B3B8C166-49E3-75CA-E1A9-B20FB58DF011}.Debug|Any CPU.Build.0 = Debug|Any CPU
		{B3B8C166-49E3-75CA-E1A9-B20FB58DF011}.Release|Any CPU.ActiveCfg = Release|Any CPU
		{B3B8C166-49E3-75CA-E1A9-B20FB58DF011}.Release|Any CPU.Build.0 = Release|Any CPU
	EndGlobalSection
	GlobalSection(SolutionProperties) = preSolution
		HideSolutionNode = FALSE
	EndGlobalSection
	GlobalSection(ExtensibilityGlobals) = postSolution
		SolutionGuid = {794360D5-2ABA-476C-8096-104CFDB64408}
	EndGlobalSection
EndGlobal
